
Microsoft Visual Studio Solution File, Format Version 12.00
# Visual Studio Version 17
VisualStudioVersion = 17.8.34322.80
MinimumVisualStudioVersion = 10.0.40219.1
Project("{FAE04EC0-301F-11D3-BF4B-00C04F79EFBC}") = "MyArrayExample", "MyArrayExample\MyArrayExample.csproj", "{084CCEF8-F9DB-4EA0-8560-AD9CD9885913}"
EndProject
Project("{FAE04EC0-301F-11D3-BF4B-00C04F79EFBC}") = "MyArrayExample.Tests", "MyArrayExample.Tests\MyArrayExample.Tests.csproj", "{E2B892E0-2519-42A3-BA30-655DB5C33E83}"
EndProject
Global
	GlobalSection(SolutionConfigurationPlatforms) = preSolution
		Debug|Any CPU = Debug|Any CPU
		Release|Any CPU = Release|Any CPU
	EndGlobalSection
	GlobalSection(ProjectConfigurationPlatforms) = postSolution
		{084CCEF8-F9DB-4EA0-8560-AD9CD9885913}.Debug|Any CPU.ActiveCfg = Debug|Any CPU
		{084CCEF8-F9DB-4EA0-8560-AD9CD9885913}.Debug|Any CPU.Build.0 = Debug|Any CPU
		{084CCEF8-F9DB-4EA0-8560-AD9CD9885913}.Release|Any CPU.ActiveCfg = Release|Any CPU
		{084CCEF8-F9DB-4EA0-8560-AD9CD9885913}.Release|Any CPU.Build.0 = Release|Any CPU
		{E2B892E0-2519-42A3-BA30-655DB5C33E83}.Debug|Any CPU.ActiveCfg = Debug|Any CPU
		{E2B892E0-2519-42A3-BA30-655DB5C33E83}.Debug|Any CPU.Build.0 = Debug|Any CPU
		{E2B892E0-2519-42A3-BA30-655DB5C33E83}.Release|Any CPU.ActiveCfg = Release|Any CPU
		{E2B892E0-2519-42A3-BA30-655DB5C33E83}.Release|Any CPU.Build.0 = Release|Any CPU
	EndGlobalSection
	GlobalSection(SolutionProperties) = preSolution
		HideSolutionNode = FALSE
	EndGlobalSection
	GlobalSection(ExtensibilityGlobals) = postSolution
		SolutionGuid = {F88EF1FE-B23D-4225-A3BA-E15DC9143E6D}
	EndGlobalSection
EndGlobal
