
Microsoft Visual Studio Solution File, Format Version 12.00
# Visual Studio Version 17
VisualStudioVersion = 17.8.34322.80
MinimumVisualStudioVersion = 10.0.40219.1
Project("{FAE04EC0-301F-11D3-BF4B-00C04F79EFBC}") = "MVCIntroDemo", "MVCIntroDemo\MVCIntroDemo.csproj", "{DBBAAFC2-7230-4296-BD82-B33C6830DE20}"
EndProject
Global
	GlobalSection(SolutionConfigurationPlatforms) = preSolution
		Debug|Any CPU = Debug|Any CPU
		Release|Any CPU = Release|Any CPU
	EndGlobalSection
	GlobalSection(ProjectConfigurationPlatforms) = postSolution
		{DBBAAFC2-7230-4296-BD82-B33C6830DE20}.Debug|Any CPU.ActiveCfg = Debug|Any CPU
		{DBBAAFC2-7230-4296-BD82-B33C6830DE20}.Debug|Any CPU.Build.0 = Debug|Any CPU
		{DBBAAFC2-7230-4296-BD82-B33C6830DE20}.Release|Any CPU.ActiveCfg = Release|Any CPU
		{DBBAAFC2-7230-4296-BD82-B33C6830DE20}.Release|Any CPU.Build.0 = Release|Any CPU
	EndGlobalSection
	GlobalSection(SolutionProperties) = preSolution
		HideSolutionNode = FALSE
	EndGlobalSection
	GlobalSection(ExtensibilityGlobals) = postSolution
		SolutionGuid = {2FE7D005-6D09-4043-8556-6BA366A71281}
	EndGlobalSection
EndGlobal
